// !$*UTF8*$!
{
	archiveVersion = 1;
	classes = {
	};
	objectVersion = 77;
	objects = {

/* Begin PBXContainerItemProxy section */
		0B4E72D22D399703000E0F69 /* PBXContainerItemProxy */ = {
			isa = PBXContainerItemProxy;
			containerPortal = 0B4E72B92D399701000E0F69 /* Project object */;
			proxyType = 1;
			remoteGlobalIDString = 0B4E72C02D399701000E0F69;
			remoteInfo = "Plantas-App-Modelo";
		};
		0B4E72DC2D399703000E0F69 /* PBXContainerItemProxy */ = {
			isa = PBXContainerItemProxy;
			containerPortal = 0B4E72B92D399701000E0F69 /* Project object */;
			proxyType = 1;
			remoteGlobalIDString = 0B4E72C02D399701000E0F69;
			remoteInfo = "Plantas-App-Modelo";
		};
/* End PBXContainerItemProxy section */

/* Begin PBXFileReference section */
		0B4E72C12D399701000E0F69 /* Plantas-App-Modelo.app */ = {isa = PBXFileReference; explicitFileType = wrapper.application; includeInIndex = 0; path = "Plantas-App-Modelo.app"; sourceTree = BUILT_PRODUCTS_DIR; };
		0B4E72D12D399703000E0F69 /* Plantas-App-ModeloTests.xctest */ = {isa = PBXFileReference; explicitFileType = wrapper.cfbundle; includeInIndex = 0; path = "Plantas-App-ModeloTests.xctest"; sourceTree = BUILT_PRODUCTS_DIR; };
		0B4E72DB2D399703000E0F69 /* Plantas-App-ModeloUITests.xctest */ = {isa = PBXFileReference; explicitFileType = wrapper.cfbundle; includeInIndex = 0; path = "Plantas-App-ModeloUITests.xctest"; sourceTree = BUILT_PRODUCTS_DIR; };
/* End PBXFileReference section */

/* Begin PBXFileSystemSynchronizedBuildFileExceptionSet section */
		0B5CBAE22D9C4D0C0063A768 /* Exceptions for "Plantas-App-Modelo" folder in "Plantas-App-Modelo" target */ = {
			isa = PBXFileSystemSynchronizedBuildFileExceptionSet;
			membershipExceptions = (
				Info.plist,
			);
			target = 0B4E72C02D399701000E0F69 /* Plantas-App-Modelo */;
		};
/* End PBXFileSystemSynchronizedBuildFileExceptionSet section */

/* Begin PBXFileSystemSynchronizedRootGroup section */
		0B4E72C32D399701000E0F69 /* Plantas-App-Modelo */ = {
			isa = PBXFileSystemSynchronizedRootGroup;
			exceptions = (
				0B5CBAE22D9C4D0C0063A768 /* Exceptions for "Plantas-App-Modelo" folder in "Plantas-App-Modelo" target */,
			);
			path = "Plantas-App-Modelo";
			sourceTree = "<group>";
		};
		0B4E72D42D399703000E0F69 /* Plantas-App-ModeloTests */ = {
			isa = PBXFileSystemSynchronizedRootGroup;
			path = "Plantas-App-ModeloTests";
			sourceTree = "<group>";
		};
		0B4E72DE2D399703000E0F69 /* Plantas-App-ModeloUITests */ = {
			isa = PBXFileSystemSynchronizedRootGroup;
			path = "Plantas-App-ModeloUITests";
			sourceTree = "<group>";
		};
/* End PBXFileSystemSynchronizedRootGroup section */

/* Begin PBXFrameworksBuildPhase section */
		0B4E72BE2D399701000E0F69 /* Frameworks */ = {
			isa = PBXFrameworksBuildPhase;
			buildActionMask = 2147483647;
			files = (
			);
			runOnlyForDeploymentPostprocessing = 0;
		};
		0B4E72CE2D399703000E0F69 /* Frameworks */ = {
			isa = PBXFrameworksBuildPhase;
			buildActionMask = 2147483647;
			files = (
			);
			runOnlyForDeploymentPostprocessing = 0;
		};
		0B4E72D82D399703000E0F69 /* Frameworks */ = {
			isa = PBXFrameworksBuildPhase;
			buildActionMask = 2147483647;
			files = (
			);
			runOnlyForDeploymentPostprocessing = 0;
		};
/* End PBXFrameworksBuildPhase section */

/* Begin PBXGroup section */
		0B4E72B82D399701000E0F69 = {
			isa = PBXGroup;
			children = (
				0B4E72C32D399701000E0F69 /* Plantas-App-Modelo */,
				0B4E72D42D399703000E0F69 /* Plantas-App-ModeloTests */,
				0B4E72DE2D399703000E0F69 /* Plantas-App-ModeloUITests */,
				0B4E72C22D399701000E0F69 /* Products */,
			);
			sourceTree = "<group>";
		};
		0B4E72C22D399701000E0F69 /* Products */ = {
			isa = PBXGroup;
			children = (
				0B4E72C12D399701000E0F69 /* Plantas-App-Modelo.app */,
				0B4E72D12D399703000E0F69 /* Plantas-App-ModeloTests.xctest */,
				0B4E72DB2D399703000E0F69 /* Plantas-App-ModeloUITests.xctest */,
			);
			name = Products;
			sourceTree = "<group>";
		};
/* End PBXGroup section */

/* Begin PBXNativeTarget section */
		0B4E72C02D399701000E0F69 /* Plantas-App-Modelo */ = {
			isa = PBXNativeTarget;
			buildConfigurationList = 0B4E72E52D399703000E0F69 /* Build configuration list for PBXNativeTarget "Plantas-App-Modelo" */;
			buildPhases = (
				0B4E72BD2D399701000E0F69 /* Sources */,
				0B4E72BE2D399701000E0F69 /* Frameworks */,
				0B4E72BF2D399701000E0F69 /* Resources */,
			);
			buildRules = (
			);
			dependencies = (
			);
			fileSystemSynchronizedGroups = (
				0B4E72C32D399701000E0F69 /* Plantas-App-Modelo */,
			);
			name = "Plantas-App-Modelo";
			packageProductDependencies = (
			);
			productName = "Plantas-App-Modelo";
			productReference = 0B4E72C12D399701000E0F69 /* Plantas-App-Modelo.app */;
			productType = "com.apple.product-type.application";
		};
		0B4E72D02D399703000E0F69 /* Plantas-App-ModeloTests */ = {
			isa = PBXNativeTarget;
			buildConfigurationList = 0B4E72E82D399703000E0F69 /* Build configuration list for PBXNativeTarget "Plantas-App-ModeloTests" */;
			buildPhases = (
				0B4E72CD2D399703000E0F69 /* Sources */,
				0B4E72CE2D399703000E0F69 /* Frameworks */,
				0B4E72CF2D399703000E0F69 /* Resources */,
			);
			buildRules = (
			);
			dependencies = (
				0B4E72D32D399703000E0F69 /* PBXTargetDependency */,
			);
			fileSystemSynchronizedGroups = (
				0B4E72D42D399703000E0F69 /* Plantas-App-ModeloTests */,
			);
			name = "Plantas-App-ModeloTests";
			packageProductDependencies = (
			);
			productName = "Plantas-App-ModeloTests";
			productReference = 0B4E72D12D399703000E0F69 /* Plantas-App-ModeloTests.xctest */;
			productType = "com.apple.product-type.bundle.unit-test";
		};
		0B4E72DA2D399703000E0F69 /* Plantas-App-ModeloUITests */ = {
			isa = PBXNativeTarget;
			buildConfigurationList = 0B4E72EB2D399703000E0F69 /* Build configuration list for PBXNativeTarget "Plantas-App-ModeloUITests" */;
			buildPhases = (
				0B4E72D72D399703000E0F69 /* Sources */,
				0B4E72D82D399703000E0F69 /* Frameworks */,
				0B4E72D92D399703000E0F69 /* Resources */,
			);
			buildRules = (
			);
			dependencies = (
				0B4E72DD2D399703000E0F69 /* PBXTargetDependency */,
			);
			fileSystemSynchronizedGroups = (
				0B4E72DE2D399703000E0F69 /* Plantas-App-ModeloUITests */,
			);
			name = "Plantas-App-ModeloUITests";
			packageProductDependencies = (
			);
			productName = "Plantas-App-ModeloUITests";
			productReference = 0B4E72DB2D399703000E0F69 /* Plantas-App-ModeloUITests.xctest */;
			productType = "com.apple.product-type.bundle.ui-testing";
		};
/* End PBXNativeTarget section */

/* Begin PBXProject section */
		0B4E72B92D399701000E0F69 /* Project object */ = {
			isa = PBXProject;
			attributes = {
				BuildIndependentTargetsInParallel = 1;
				LastSwiftUpdateCheck = 1610;
				LastUpgradeCheck = 1610;
				TargetAttributes = {
					0B4E72C02D399701000E0F69 = {
						CreatedOnToolsVersion = 16.1;
					};
					0B4E72D02D399703000E0F69 = {
						CreatedOnToolsVersion = 16.1;
						TestTargetID = 0B4E72C02D399701000E0F69;
					};
					0B4E72DA2D399703000E0F69 = {
						CreatedOnToolsVersion = 16.1;
						TestTargetID = 0B4E72C02D399701000E0F69;
					};
				};
			};
			buildConfigurationList = 0B4E72BC2D399701000E0F69 /* Build configuration list for PBXProject "Plantas-App-Modelo" */;
			developmentRegion = en;
			hasScannedForEncodings = 0;
			knownRegions = (
				en,
				Base,
			);
			mainGroup = 0B4E72B82D399701000E0F69;
			minimizedProjectReferenceProxies = 1;
			preferredProjectObjectVersion = 77;
			productRefGroup = 0B4E72C22D399701000E0F69 /* Products */;
			projectDirPath = "";
			projectRoot = "";
			targets = (
				0B4E72C02D399701000E0F69 /* Plantas-App-Modelo */,
				0B4E72D02D399703000E0F69 /* Plantas-App-ModeloTests */,
				0B4E72DA2D399703000E0F69 /* Plantas-App-ModeloUITests */,
			);
		};
/* End PBXProject section */

/* Begin PBXResourcesBuildPhase section */
		0B4E72BF2D399701000E0F69 /* Resources */ = {
			isa = PBXResourcesBuildPhase;
			buildActionMask = 2147483647;
			files = (
			);
			runOnlyForDeploymentPostprocessing = 0;
		};
		0B4E72CF2D399703000E0F69 /* Resources */ = {
			isa = PBXResourcesBuildPhase;
			buildActionMask = 2147483647;
			files = (
			);
			runOnlyForDeploymentPostprocessing = 0;
		};
		0B4E72D92D399703000E0F69 /* Resources */ = {
			isa = PBXResourcesBuildPhase;
			buildActionMask = 2147483647;
			files = (
			);
			runOnlyForDeploymentPostprocessing = 0;
		};
/* End PBXResourcesBuildPhase section */

/* Begin PBXSourcesBuildPhase section */
		0B4E72BD2D399701000E0F69 /* Sources */ = {
			isa = PBXSourcesBuildPhase;
			buildActionMask = 2147483647;
			files = (
			);
			runOnlyForDeploymentPostprocessing = 0;
		};
		0B4E72CD2D399703000E0F69 /* Sources */ = {
			isa = PBXSourcesBuildPhase;
			buildActionMask = 2147483647;
			files = (
			);
			runOnlyForDeploymentPostprocessing = 0;
		};
		0B4E72D72D399703000E0F69 /* Sources */ = {
			isa = PBXSourcesBuildPhase;
			buildActionMask = 2147483647;
			files = (
			);
			runOnlyForDeploymentPostprocessing = 0;
		};
/* End PBXSourcesBuildPhase section */

/* Begin PBXTargetDependency section */
		0B4E72D32D399703000E0F69 /* PBXTargetDependency */ = {
			isa = PBXTargetDependency;
			target = 0B4E72C02D399701000E0F69 /* Plantas-App-Modelo */;
			targetProxy = 0B4E72D22D399703000E0F69 /* PBXContainerItemProxy */;
		};
		0B4E72DD2D399703000E0F69 /* PBXTargetDependency */ = {
			isa = PBXTargetDependency;
			target = 0B4E72C02D399701000E0F69 /* Plantas-App-Modelo */;
			targetProxy = 0B4E72DC2D399703000E0F69 /* PBXContainerItemProxy */;
		};
/* End PBXTargetDependency section */

/* Begin XCBuildConfiguration section */
		0B4E72E32D399703000E0F69 /* Debug */ = {
			isa = XCBuildConfiguration;
			buildSettings = {
				ALWAYS_SEARCH_USER_PATHS = NO;
				ASSETCATALOG_COMPILER_GENERATE_SWIFT_ASSET_SYMBOL_EXTENSIONS = YES;
				CLANG_ANALYZER_NONNULL = YES;
				CLANG_ANALYZER_NUMBER_OBJECT_CONVERSION = YES_AGGRESSIVE;
				CLANG_CXX_LANGUAGE_STANDARD = "gnu++20";
				CLANG_ENABLE_MODULES = YES;
				CLANG_ENABLE_OBJC_ARC = YES;
				CLANG_ENABLE_OBJC_WEAK = YES;
				CLANG_WARN_BLOCK_CAPTURE_AUTORELEASING = YES;
				CLANG_WARN_BOOL_CONVERSION = YES;
				CLANG_WARN_COMMA = YES;
				CLANG_WARN_CONSTANT_CONVERSION = YES;
				CLANG_WARN_DEPRECATED_OBJC_IMPLEMENTATIONS = YES;
				CLANG_WARN_DIRECT_OBJC_ISA_USAGE = YES_ERROR;
				CLANG_WARN_DOCUMENTATION_COMMENTS = YES;
				CLANG_WARN_EMPTY_BODY = YES;
				CLANG_WARN_ENUM_CONVERSION = YES;
				CLANG_WARN_INFINITE_RECURSION = YES;
				CLANG_WARN_INT_CONVERSION = YES;
				CLANG_WARN_NON_LITERAL_NULL_CONVERSION = YES;
				CLANG_WARN_OBJC_IMPLICIT_RETAIN_SELF = YES;
				CLANG_WARN_OBJC_LITERAL_CONVERSION = YES;
				CLANG_WARN_OBJC_ROOT_CLASS = YES_ERROR;
				CLANG_WARN_QUOTED_INCLUDE_IN_FRAMEWORK_HEADER = YES;
				CLANG_WARN_RANGE_LOOP_ANALYSIS = YES;
				CLANG_WARN_STRICT_PROTOTYPES = YES;
				CLANG_WARN_SUSPICIOUS_MOVE = YES;
				CLANG_WARN_UNGUARDED_AVAILABILITY = YES_AGGRESSIVE;
				CLANG_WARN_UNREACHABLE_CODE = YES;
				CLANG_WARN__DUPLICATE_METHOD_MATCH = YES;
				COPY_PHASE_STRIP = NO;
				DEBUG_INFORMATION_FORMAT = dwarf;
				ENABLE_STRICT_OBJC_MSGSEND = YES;
				ENABLE_TESTABILITY = YES;
				ENABLE_USER_SCRIPT_SANDBOXING = YES;
				GCC_C_LANGUAGE_STANDARD = gnu17;
				GCC_DYNAMIC_NO_PIC = NO;
				GCC_NO_COMMON_BLOCKS = YES;
				GCC_OPTIMIZATION_LEVEL = 0;
				GCC_PREPROCESSOR_DEFINITIONS = (
					"DEBUG=1",
					"$(inherited)",
				);
				GCC_WARN_64_TO_32_BIT_CONVERSION = YES;
				GCC_WARN_ABOUT_RETURN_TYPE = YES_ERROR;
				GCC_WARN_UNDECLARED_SELECTOR = YES;
				GCC_WARN_UNINITIALIZED_AUTOS = YES_AGGRESSIVE;
				GCC_WARN_UNUSED_FUNCTION = YES;
				GCC_WARN_UNUSED_VARIABLE = YES;
				IPHONEOS_DEPLOYMENT_TARGET = 18.1;
				LOCALIZATION_PREFERS_STRING_CATALOGS = YES;
				MTL_ENABLE_DEBUG_INFO = INCLUDE_SOURCE;
				MTL_FAST_MATH = YES;
				ONLY_ACTIVE_ARCH = YES;
				SDKROOT = iphoneos;
				SWIFT_ACTIVE_COMPILATION_CONDITIONS = "DEBUG $(inherited)";
				SWIFT_OPTIMIZATION_LEVEL = "-Onone";
			};
			name = Debug;
		};
		0B4E72E42D399703000E0F69 /* Release */ = {
			isa = XCBuildConfiguration;
			buildSettings = {
				ALWAYS_SEARCH_USER_PATHS = NO;
				ASSETCATALOG_COMPILER_GENERATE_SWIFT_ASSET_SYMBOL_EXTENSIONS = YES;
				CLANG_ANALYZER_NONNULL = YES;
				CLANG_ANALYZER_NUMBER_OBJECT_CONVERSION = YES_AGGRESSIVE;
				CLANG_CXX_LANGUAGE_STANDARD = "gnu++20";
				CLANG_ENABLE_MODULES = YES;
				CLANG_ENABLE_OBJC_ARC = YES;
				CLANG_ENABLE_OBJC_WEAK = YES;
				CLANG_WARN_BLOCK_CAPTURE_AUTORELEASING = YES;
				CLANG_WARN_BOOL_CONVERSION = YES;
				CLANG_WARN_COMMA = YES;
				CLANG_WARN_CONSTANT_CONVERSION = YES;
				CLANG_WARN_DEPRECATED_OBJC_IMPLEMENTATIONS = YES;
				CLANG_WARN_DIRECT_OBJC_ISA_USAGE = YES_ERROR;
				CLANG_WARN_DOCUMENTATION_COMMENTS = YES;
				CLANG_WARN_EMPTY_BODY = YES;
				CLANG_WARN_ENUM_CONVERSION = YES;
				CLANG_WARN_INFINITE_RECURSION = YES;
				CLANG_WARN_INT_CONVERSION = YES;
				CLANG_WARN_NON_LITERAL_NULL_CONVERSION = YES;
				CLANG_WARN_OBJC_IMPLICIT_RETAIN_SELF = YES;
				CLANG_WARN_OBJC_LITERAL_CONVERSION = YES;
				CLANG_WARN_OBJC_ROOT_CLASS = YES_ERROR;
				CLANG_WARN_QUOTED_INCLUDE_IN_FRAMEWORK_HEADER = YES;
				CLANG_WARN_RANGE_LOOP_ANALYSIS = YES;
				CLANG_WARN_STRICT_PROTOTYPES = YES;
				CLANG_WARN_SUSPICIOUS_MOVE = YES;
				CLANG_WARN_UNGUARDED_AVAILABILITY = YES_AGGRESSIVE;
				CLANG_WARN_UNREACHABLE_CODE = YES;
				CLANG_WARN__DUPLICATE_METHOD_MATCH = YES;
				COPY_PHASE_STRIP = NO;
				DEBUG_INFORMATION_FORMAT = "dwarf-with-dsym";
				ENABLE_NS_ASSERTIONS = NO;
				ENABLE_STRICT_OBJC_MSGSEND = YES;
				ENABLE_USER_SCRIPT_SANDBOXING = YES;
				GCC_C_LANGUAGE_STANDARD = gnu17;
				GCC_NO_COMMON_BLOCKS = YES;
				GCC_WARN_64_TO_32_BIT_CONVERSION = YES;
				GCC_WARN_ABOUT_RETURN_TYPE = YES_ERROR;
				GCC_WARN_UNDECLARED_SELECTOR = YES;
				GCC_WARN_UNINITIALIZED_AUTOS = YES_AGGRESSIVE;
				GCC_WARN_UNUSED_FUNCTION = YES;
				GCC_WARN_UNUSED_VARIABLE = YES;
				IPHONEOS_DEPLOYMENT_TARGET = 18.1;
				LOCALIZATION_PREFERS_STRING_CATALOGS = YES;
				MTL_ENABLE_DEBUG_INFO = NO;
				MTL_FAST_MATH = YES;
				SDKROOT = iphoneos;
				SWIFT_COMPILATION_MODE = wholemodule;
				VALIDATE_PRODUCT = YES;
			};
			name = Release;
		};
		0B4E72E62D399703000E0F69 /* Debug */ = {
			isa = XCBuildConfiguration;
			buildSettings = {
				ASSETCATALOG_COMPILER_APPICON_NAME = AppIcon;
				ASSETCATALOG_COMPILER_GLOBAL_ACCENT_COLOR_NAME = AccentColor;
				CODE_SIGN_STYLE = Automatic;
				CURRENT_PROJECT_VERSION = 1;
				DEVELOPMENT_ASSET_PATHS = "\"Plantas-App-Modelo/Preview Content\"";
				DEVELOPMENT_TEAM = KDV83NBV8H;
				ENABLE_PREVIEWS = YES;
				GENERATE_INFOPLIST_FILE = YES;
				INFOPLIST_FILE = "Plantas-App-Modelo/Info.plist";
				INFOPLIST_KEY_UIApplicationSceneManifest_Generation = YES;
				INFOPLIST_KEY_UIApplicationSupportsIndirectInputEvents = YES;
				INFOPLIST_KEY_UILaunchScreen_Generation = YES;
				INFOPLIST_KEY_UISupportedInterfaceOrientations_iPad = "UIInterfaceOrientationPortrait UIInterfaceOrientationPortraitUpsideDown UIInterfaceOrientationLandscapeLeft UIInterfaceOrientationLandscapeRight";
				INFOPLIST_KEY_UISupportedInterfaceOrientations_iPhone = "UIInterfaceOrientationPortrait UIInterfaceOrientationLandscapeLeft UIInterfaceOrientationLandscapeRight";
				LD_RUNPATH_SEARCH_PATHS = (
					"$(inherited)",
					"@executable_path/Frameworks",
				);
				MARKETING_VERSION = 1.0;
				PRODUCT_BUNDLE_IDENTIFIER = "com.lais.Plantas-App-Modelo";
				PRODUCT_NAME = "$(TARGET_NAME)";
				SWIFT_EMIT_LOC_STRINGS = YES;
				SWIFT_VERSION = 5.0;
				TARGETED_DEVICE_FAMILY = "1,2";
			};
			name = Debug;
		};
		0B4E72E72D399703000E0F69 /* Release */ = {
			isa = XCBuildConfiguration;
			buildSettings = {
				ASSETCATALOG_COMPILER_APPICON_NAME = AppIcon;
				ASSETCATALOG_COMPILER_GLOBAL_ACCENT_COLOR_NAME = AccentColor;
				CODE_SIGN_STYLE = Automatic;
				CURRENT_PROJECT_VERSION = 1;
				DEVELOPMENT_ASSET_PATHS = "\"Plantas-App-Modelo/Preview Content\"";
				DEVELOPMENT_TEAM = KDV83NBV8H;
				ENABLE_PREVIEWS = YES;
				GENERATE_INFOPLIST_FILE = YES;
				INFOPLIST_FILE = "Plantas-App-Modelo/Info.plist";
				INFOPLIST_KEY_UIApplicationSceneManifest_Generation = YES;
				INFOPLIST_KEY_UIApplicationSupportsIndirectInputEvents = YES;
				INFOPLIST_KEY_UILaunchScreen_Generation = YES;
				INFOPLIST_KEY_UISupportedInterfaceOrientations_iPad = "UIInterfaceOrientationPortrait UIInterfaceOrientationPortraitUpsideDown UIInterfaceOrientationLandscapeLeft UIInterfaceOrientationLandscapeRight";
				INFOPLIST_KEY_UISupportedInterfaceOrientations_iPhone = "UIInterfaceOrientationPortrait UIInterfaceOrientationLandscapeLeft UIInterfaceOrientationLandscapeRight";
				LD_RUNPATH_SEARCH_PATHS = (
					"$(inherited)",
					"@executable_path/Frameworks",
				);
				MARKETING_VERSION = 1.0;
				PRODUCT_BUNDLE_IDENTIFIER = "com.lais.Plantas-App-Modelo";
				PRODUCT_NAME = "$(TARGET_NAME)";
				SWIFT_EMIT_LOC_STRINGS = YES;
				SWIFT_VERSION = 5.0;
				TARGETED_DEVICE_FAMILY = "1,2";
			};
			name = Release;
		};
		0B4E72E92D399703000E0F69 /* Debug */ = {
			isa = XCBuildConfiguration;
			buildSettings = {
				BUNDLE_LOADER = "$(TEST_HOST)";
				CODE_SIGN_STYLE = Automatic;
				CURRENT_PROJECT_VERSION = 1;
				DEVELOPMENT_TEAM = KDV83NBV8H;
				GENERATE_INFOPLIST_FILE = YES;
				IPHONEOS_DEPLOYMENT_TARGET = 18.1;
				MARKETING_VERSION = 1.0;
				PRODUCT_BUNDLE_IDENTIFIER = "com.lais.Plantas-App-ModeloTests";
				PRODUCT_NAME = "$(TARGET_NAME)";
				SWIFT_EMIT_LOC_STRINGS = NO;
				SWIFT_VERSION = 5.0;
				TARGETED_DEVICE_FAMILY = "1,2";
				TEST_HOST = "$(BUILT_PRODUCTS_DIR)/Plantas-App-Modelo.app/$(BUNDLE_EXECUTABLE_FOLDER_PATH)/Plantas-App-Modelo";
			};
			name = Debug;
		};
		0B4E72EA2D399703000E0F69 /* Release */ = {
			isa = XCBuildConfiguration;
			buildSettings = {
				BUNDLE_LOADER = "$(TEST_HOST)";
				CODE_SIGN_STYLE = Automatic;
				CURRENT_PROJECT_VERSION = 1;
				DEVELOPMENT_TEAM = KDV83NBV8H;
				GENERATE_INFOPLIST_FILE = YES;
				IPHONEOS_DEPLOYMENT_TARGET = 18.1;
				MARKETING_VERSION = 1.0;
				PRODUCT_BUNDLE_IDENTIFIER = "com.lais.Plantas-App-ModeloTests";
				PRODUCT_NAME = "$(TARGET_NAME)";
				SWIFT_EMIT_LOC_STRINGS = NO;
				SWIFT_VERSION = 5.0;
				TARGETED_DEVICE_FAMILY = "1,2";
				TEST_HOST = "$(BUILT_PRODUCTS_DIR)/Plantas-App-Modelo.app/$(BUNDLE_EXECUTABLE_FOLDER_PATH)/Plantas-App-Modelo";
			};
			name = Release;
		};
		0B4E72EC2D399703000E0F69 /* Debug */ = {
			isa = XCBuildConfiguration;
			buildSettings = {
				CODE_SIGN_STYLE = Automatic;
				CURRENT_PROJECT_VERSION = 1;
				DEVELOPMENT_TEAM = KDV83NBV8H;
				GENERATE_INFOPLIST_FILE = YES;
				MARKETING_VERSION = 1.0;
				PRODUCT_BUNDLE_IDENTIFIER = "com.lais.Plantas-App-ModeloUITests";
				PRODUCT_NAME = "$(TARGET_NAME)";
				SWIFT_EMIT_LOC_STRINGS = NO;
				SWIFT_VERSION = 5.0;
				TARGETED_DEVICE_FAMILY = "1,2";
				TEST_TARGET_NAME = "Plantas-App-Modelo";
			};
			name = Debug;
		};
		0B4E72ED2D399703000E0F69 /* Release */ = {
			isa = XCBuildConfiguration;
			buildSettings = {
				CODE_SIGN_STYLE = Automatic;
				CURRENT_PROJECT_VERSION = 1;
				DEVELOPMENT_TEAM = KDV83NBV8H;
				GENERATE_INFOPLIST_FILE = YES;
				MARKETING_VERSION = 1.0;
				PRODUCT_BUNDLE_IDENTIFIER = "com.lais.Plantas-App-ModeloUITests";
				PRODUCT_NAME = "$(TARGET_NAME)";
				SWIFT_EMIT_LOC_STRINGS = NO;
				SWIFT_VERSION = 5.0;
				TARGETED_DEVICE_FAMILY = "1,2";
				TEST_TARGET_NAME = "Plantas-App-Modelo";
			};
			name = Release;
		};
/* End XCBuildConfiguration section */

/* Begin XCConfigurationList section */
		0B4E72BC2D399701000E0F69 /* Build configuration list for PBXProject "Plantas-App-Modelo" */ = {
			isa = XCConfigurationList;
			buildConfigurations = (
				0B4E72E32D399703000E0F69 /* Debug */,
				0B4E72E42D399703000E0F69 /* Release */,
			);
			defaultConfigurationIsVisible = 0;
			defaultConfigurationName = Release;
		};
		0B4E72E52D399703000E0F69 /* Build configuration list for PBXNativeTarget "Plantas-App-Modelo" */ = {
			isa = XCConfigurationList;
			buildConfigurations = (
				0B4E72E62D399703000E0F69 /* Debug */,
				0B4E72E72D399703000E0F69 /* Release */,
			);
			defaultConfigurationIsVisible = 0;
			defaultConfigurationName = Release;
		};
		0B4E72E82D399703000E0F69 /* Build configuration list for PBXNativeTarget "Plantas-App-ModeloTests" */ = {
			isa = XCConfigurationList;
			buildConfigurations = (
				0B4E72E92D399703000E0F69 /* Debug */,
				0B4E72EA2D399703000E0F69 /* Release */,
			);
			defaultConfigurationIsVisible = 0;
			defaultConfigurationName = Release;
		};
		0B4E72EB2D399703000E0F69 /* Build configuration list for PBXNativeTarget "Plantas-App-ModeloUITests" */ = {
			isa = XCConfigurationList;
			buildConfigurations = (
				0B4E72EC2D399703000E0F69 /* Debug */,
				0B4E72ED2D399703000E0F69 /* Release */,
			);
			defaultConfigurationIsVisible = 0;
			defaultConfigurationName = Release;
		};
/* End XCConfigurationList section */
	};
	rootObject = 0B4E72B92D399701000E0F69 /* Project object */;
}
